
Microsoft Visual Studio Solution File, Format Version 12.00
# Visual Studio 14
VisualStudioVersion = 14.0.25420.1
MinimumVisualStudioVersion = 10.0.40219.1
Project("{FAE04EC0-301F-11D3-BF4B-00C04F79EFBC}") = "WCFSelfHosting", "WCFSelfHosting\WCFSelfHosting.csproj", "{64DF609D-9FD6-4848-9F02-A0F9E75B64A4}"
EndProject
Project("{FAE04EC0-301F-11D3-BF4B-00C04F79EFBC}") = "WCFServices", "WCFServices\WCFServices.csproj", "{297DE2FB-A73B-45D8-A068-73C5A6E6BB05}"
EndProject
Project("{E24C65DC-7377-472B-9ABA-BC803B73C61A}") = "WCFIISHosting", "WCFIISHosting\", "{02B5C4DF-7FCC-46E9-B76D-DA25600CF7E7}"
	ProjectSection(WebsiteProperties) = preProject
		TargetFrameworkMoniker = ".NETFramework,Version%3Dv4.5.2"
		ProjectReferences = "{297de2fb-a73b-45d8-a068-73c5a6e6bb05}|WCFServices.dll;"
		Debug.AspNetCompiler.VirtualPath = "/localhost_4305"
		Debug.AspNetCompiler.PhysicalPath = "WCFIISHosting\"
		Debug.AspNetCompiler.TargetPath = "PrecompiledWeb\localhost_4305\"
		Debug.AspNetCompiler.Updateable = "true"
		Debug.AspNetCompiler.ForceOverwrite = "true"
		Debug.AspNetCompiler.FixedNames = "false"
		Debug.AspNetCompiler.Debug = "True"
		Release.AspNetCompiler.VirtualPath = "/localhost_4305"
		Release.AspNetCompiler.PhysicalPath = "WCFIISHosting\"
		Release.AspNetCompiler.TargetPath = "PrecompiledWeb\localhost_4305\"
		Release.AspNetCompiler.Updateable = "true"
		Release.AspNetCompiler.ForceOverwrite = "true"
		Release.AspNetCompiler.FixedNames = "false"
		Release.AspNetCompiler.Debug = "False"
		VWDPort = "4305"
		SlnRelativePath = "WCFIISHosting\"
		DefaultWebSiteLanguage = "Visual C#"
	EndProjectSection
EndProject
Global
	GlobalSection(SolutionConfigurationPlatforms) = preSolution
		Debug|Any CPU = Debug|Any CPU
		Release|Any CPU = Release|Any CPU
	EndGlobalSection
	GlobalSection(ProjectConfigurationPlatforms) = postSolution
		{64DF609D-9FD6-4848-9F02-A0F9E75B64A4}.Debug|Any CPU.ActiveCfg = Debug|Any CPU
		{64DF609D-9FD6-4848-9F02-A0F9E75B64A4}.Debug|Any CPU.Build.0 = Debug|Any CPU
		{64DF609D-9FD6-4848-9F02-A0F9E75B64A4}.Release|Any CPU.ActiveCfg = Release|Any CPU
		{64DF609D-9FD6-4848-9F02-A0F9E75B64A4}.Release|Any CPU.Build.0 = Release|Any CPU
		{297DE2FB-A73B-45D8-A068-73C5A6E6BB05}.Debug|Any CPU.ActiveCfg = Debug|Any CPU
		{297DE2FB-A73B-45D8-A068-73C5A6E6BB05}.Debug|Any CPU.Build.0 = Debug|Any CPU
		{297DE2FB-A73B-45D8-A068-73C5A6E6BB05}.Release|Any CPU.ActiveCfg = Release|Any CPU
		{297DE2FB-A73B-45D8-A068-73C5A6E6BB05}.Release|Any CPU.Build.0 = Release|Any CPU
		{02B5C4DF-7FCC-46E9-B76D-DA25600CF7E7}.Debug|Any CPU.ActiveCfg = Debug|Any CPU
		{02B5C4DF-7FCC-46E9-B76D-DA25600CF7E7}.Debug|Any CPU.Build.0 = Debug|Any CPU
		{02B5C4DF-7FCC-46E9-B76D-DA25600CF7E7}.Release|Any CPU.ActiveCfg = Debug|Any CPU
		{02B5C4DF-7FCC-46E9-B76D-DA25600CF7E7}.Release|Any CPU.Build.0 = Debug|Any CPU
	EndGlobalSection
	GlobalSection(SolutionProperties) = preSolution
		HideSolutionNode = FALSE
	EndGlobalSection
EndGlobal
